
Microsoft Visual Studio Solution File, Format Version 12.00
# Visual Studio Version 16
VisualStudioVersion = 16.0.30204.135
MinimumVisualStudioVersion = 10.0.40219.1
Project("{FAE04EC0-301F-11D3-BF4B-00C04F79EFBC}") = "DogApi", "dogApi\DogApi.csproj", "{2DA89F5D-2BF4-4CAD-A2C6-50BCB1210F52}"
EndProject
Project("{FAE04EC0-301F-11D3-BF4B-00C04F79EFBC}") = "DogApiTests", "DogApiTests\DogApiTests.csproj", "{73636110-1164-41A8-B0C2-47CB3572789F}"
EndProject
Global
	GlobalSection(SolutionConfigurationPlatforms) = preSolution
		Debug|Any CPU = Debug|Any CPU
		Release|Any CPU = Release|Any CPU
	EndGlobalSection
	GlobalSection(ProjectConfigurationPlatforms) = postSolution
		{2DA89F5D-2BF4-4CAD-A2C6-50BCB1210F52}.Debug|Any CPU.ActiveCfg = Debug|Any CPU
		{2DA89F5D-2BF4-4CAD-A2C6-50BCB1210F52}.Debug|Any CPU.Build.0 = Debug|Any CPU
		{2DA89F5D-2BF4-4CAD-A2C6-50BCB1210F52}.Release|Any CPU.ActiveCfg = Release|Any CPU
		{2DA89F5D-2BF4-4CAD-A2C6-50BCB1210F52}.Release|Any CPU.Build.0 = Release|Any CPU
		{73636110-1164-41A8-B0C2-47CB3572789F}.Debug|Any CPU.ActiveCfg = Debug|Any CPU
		{73636110-1164-41A8-B0C2-47CB3572789F}.Debug|Any CPU.Build.0 = Debug|Any CPU
		{73636110-1164-41A8-B0C2-47CB3572789F}.Release|Any CPU.ActiveCfg = Release|Any CPU
		{73636110-1164-41A8-B0C2-47CB3572789F}.Release|Any CPU.Build.0 = Release|Any CPU
	EndGlobalSection
	GlobalSection(SolutionProperties) = preSolution
		HideSolutionNode = FALSE
	EndGlobalSection
	GlobalSection(ExtensibilityGlobals) = postSolution
		SolutionGuid = {20105500-DEEA-4C9F-B1D5-33B006429617}
	EndGlobalSection
EndGlobal
